github.com/imroc/req v0.3.0 h1:3EioagmlSG+z+KySToa+Ylo3pTFZs+jh3Brl7ngU12U=
github.com/imroc/req v0.3.0/go.mod h1:F+NZ+2EFSo6EFXdeIbpfE9hcC233id70kf0byW97Caw=
github.com/stianeikeland/go-rpio/v4 v4.5.1 h1:sLzl5w1HS+4726C5kfvpIgjXULrLCCM82vDpAFefGQI=
github.com/stianeikeland/go-rpio/v4 v4.5.1/go.mod h1:A3GvHxC1Om5zaId+HqB3HKqx4K/AqeckxB7qRjxMK7o=
